
Microsoft Visual Studio Solution File, Format Version 12.00
# Visual Studio Version 17
VisualStudioVersion = 17.14.36408.4 d17.14
MinimumVisualStudioVersion = 10.0.40219.1
Project("{FAE04EC0-301F-11D3-BF4B-00C04F79EFBC}") = "ApiGateway", "ApiGateway\ApiGateway.csproj", "{95835248-E4A5-4870-8EA9-BAB4CDB6F1A1}"
EndProject
Global
	GlobalSection(SolutionConfigurationPlatforms) = preSolution
		Debug|Any CPU = Debug|Any CPU
		Release|Any CPU = Release|Any CPU
	EndGlobalSection
	GlobalSection(ProjectConfigurationPlatforms) = postSolution
		{95835248-E4A5-4870-8EA9-BAB4CDB6F1A1}.Debug|Any CPU.ActiveCfg = Debug|Any CPU
		{95835248-E4A5-4870-8EA9-BAB4CDB6F1A1}.Debug|Any CPU.Build.0 = Debug|Any CPU
		{95835248-E4A5-4870-8EA9-BAB4CDB6F1A1}.Release|Any CPU.ActiveCfg = Release|Any CPU
		{95835248-E4A5-4870-8EA9-BAB4CDB6F1A1}.Release|Any CPU.Build.0 = Release|Any CPU
	EndGlobalSection
	GlobalSection(SolutionProperties) = preSolution
		HideSolutionNode = FALSE
	EndGlobalSection
	GlobalSection(ExtensibilityGlobals) = postSolution
		SolutionGuid = {837418C8-CF4A-4FE4-9D61-EB37502A197A}
	EndGlobalSection
EndGlobal
